
Microsoft Visual Studio Solution File, Format Version 12.00
# Visual Studio Version 17
VisualStudioVersion = 17.13.35931.197
MinimumVisualStudioVersion = 10.0.40219.1
Project("{9A19103F-16F7-4668-BE54-9A1E7A4F7556}") = "Intervu.Domain", "Intervu.Domain\Intervu.Domain.csproj", "{E21F9EA9-8201-40D5-93AA-02FC9D824694}"
EndProject
Project("{9A19103F-16F7-4668-BE54-9A1E7A4F7556}") = "Intervu.API", "Intervu.API\Intervu.API.csproj", "{2A1EE090-04F5-4E3A-8749-FB18269DEE11}"
	ProjectSection(ProjectDependencies) = postProject
		{A2414F93-2F36-4CB6-AA2F-95B6559B57E7} = {A2414F93-2F36-4CB6-AA2F-95B6559B57E7}
	EndProjectSection
EndProject
Project("{9A19103F-16F7-4668-BE54-9A1E7A4F7556}") = "Intervu.Infrastructure", "Intervu.Infrastructure\Intervu.Infrastructure.csproj", "{2DE34385-60AF-46A6-9E22-7D3F474C7112}"
EndProject
Project("{9A19103F-16F7-4668-BE54-9A1E7A4F7556}") = "Intervu.Application", "Intervu.Application\Intervu.Application.csproj", "{A2414F93-2F36-4CB6-AA2F-95B6559B57E7}"
EndProject
Global
	GlobalSection(SolutionConfigurationPlatforms) = preSolution
		Debug|Any CPU = Debug|Any CPU
		Release|Any CPU = Release|Any CPU
	EndGlobalSection
	GlobalSection(ProjectConfigurationPlatforms) = postSolution
		{E21F9EA9-8201-40D5-93AA-02FC9D824694}.Debug|Any CPU.ActiveCfg = Debug|Any CPU
		{E21F9EA9-8201-40D5-93AA-02FC9D824694}.Debug|Any CPU.Build.0 = Debug|Any CPU
		{E21F9EA9-8201-40D5-93AA-02FC9D824694}.Release|Any CPU.ActiveCfg = Release|Any CPU
		{E21F9EA9-8201-40D5-93AA-02FC9D824694}.Release|Any CPU.Build.0 = Release|Any CPU
		{2A1EE090-04F5-4E3A-8749-FB18269DEE11}.Debug|Any CPU.ActiveCfg = Debug|Any CPU
		{2A1EE090-04F5-4E3A-8749-FB18269DEE11}.Debug|Any CPU.Build.0 = Debug|Any CPU
		{2A1EE090-04F5-4E3A-8749-FB18269DEE11}.Release|Any CPU.ActiveCfg = Release|Any CPU
		{2A1EE090-04F5-4E3A-8749-FB18269DEE11}.Release|Any CPU.Build.0 = Release|Any CPU
		{2DE34385-60AF-46A6-9E22-7D3F474C7112}.Debug|Any CPU.ActiveCfg = Debug|Any CPU
		{2DE34385-60AF-46A6-9E22-7D3F474C7112}.Debug|Any CPU.Build.0 = Debug|Any CPU
		{2DE34385-60AF-46A6-9E22-7D3F474C7112}.Release|Any CPU.ActiveCfg = Release|Any CPU
		{2DE34385-60AF-46A6-9E22-7D3F474C7112}.Release|Any CPU.Build.0 = Release|Any CPU
		{A2414F93-2F36-4CB6-AA2F-95B6559B57E7}.Debug|Any CPU.ActiveCfg = Debug|Any CPU
		{A2414F93-2F36-4CB6-AA2F-95B6559B57E7}.Debug|Any CPU.Build.0 = Debug|Any CPU
		{A2414F93-2F36-4CB6-AA2F-95B6559B57E7}.Release|Any CPU.ActiveCfg = Release|Any CPU
		{A2414F93-2F36-4CB6-AA2F-95B6559B57E7}.Release|Any CPU.Build.0 = Release|Any CPU
	EndGlobalSection
	GlobalSection(SolutionProperties) = preSolution
		HideSolutionNode = FALSE
	EndGlobalSection
	GlobalSection(ExtensibilityGlobals) = postSolution
		SolutionGuid = {BD00BB58-F1F8-44A4-B1A5-8CDF3AFA3D30}
	EndGlobalSection
EndGlobal
